
Microsoft Visual Studio Solution File, Format Version 12.00
# Visual Studio Version 17
VisualStudioVersion = 17.14.36408.4
MinimumVisualStudioVersion = 10.0.40219.1
Project("{FAE04EC0-301F-11D3-BF4B-00C04F79EFBC}") = "Silksong", "Silksong\Silksong.csproj", "{34C969C2-F4EE-4A21-90DE-3B625DF35B4F}"
EndProject
Project("{FAE04EC0-301F-11D3-BF4B-00C04F79EFBC}") = "ExtraCrestSlots", "ExtraCrestSlots\ExtraCrestSlots.csproj", "{2641FA13-A5EB-4E1C-C0A1-0D4C4E8B7C31}"
EndProject
Project("{FAE04EC0-301F-11D3-BF4B-00C04F79EFBC}") = "UnityMod-net472", "@Shared\UnityMod\UnityMod-net472.csproj", "{BB6E23BA-E3C5-7CB0-3D3F-A26674EA8813}"
EndProject
Project("{FAE04EC0-301F-11D3-BF4B-00C04F79EFBC}") = "AnotherDamageCap", "YetAnotherDamageCap\AnotherDamageCap.csproj", "{15296469-1850-4D3D-A622-710FDD08954E}"
EndProject
Project("{FAE04EC0-301F-11D3-BF4B-00C04F79EFBC}") = "NeedleCoating", "NeedleCoating\NeedleCoating.csproj", "{B8F6B0CD-04A3-4086-B814-7806A75D8D6C}"
EndProject
Project("{FAE04EC0-301F-11D3-BF4B-00C04F79EFBC}") = "EasyFleaFestival", "EasyFleaFestival\EasyFleaFestival.csproj", "{5BEFBDA8-3492-4781-8887-2B8A0CE31421}"
EndProject
Global
	GlobalSection(SolutionConfigurationPlatforms) = preSolution
		Debug|Any CPU = Debug|Any CPU
		Release|Any CPU = Release|Any CPU
	EndGlobalSection
	GlobalSection(ProjectConfigurationPlatforms) = postSolution
		{34C969C2-F4EE-4A21-90DE-3B625DF35B4F}.Debug|Any CPU.ActiveCfg = Debug|Any CPU
		{34C969C2-F4EE-4A21-90DE-3B625DF35B4F}.Debug|Any CPU.Build.0 = Debug|Any CPU
		{34C969C2-F4EE-4A21-90DE-3B625DF35B4F}.Release|Any CPU.ActiveCfg = Release|Any CPU
		{34C969C2-F4EE-4A21-90DE-3B625DF35B4F}.Release|Any CPU.Build.0 = Release|Any CPU
		{2641FA13-A5EB-4E1C-C0A1-0D4C4E8B7C31}.Debug|Any CPU.ActiveCfg = Debug|Any CPU
		{2641FA13-A5EB-4E1C-C0A1-0D4C4E8B7C31}.Debug|Any CPU.Build.0 = Debug|Any CPU
		{2641FA13-A5EB-4E1C-C0A1-0D4C4E8B7C31}.Release|Any CPU.ActiveCfg = Release|Any CPU
		{2641FA13-A5EB-4E1C-C0A1-0D4C4E8B7C31}.Release|Any CPU.Build.0 = Release|Any CPU
		{BB6E23BA-E3C5-7CB0-3D3F-A26674EA8813}.Debug|Any CPU.ActiveCfg = Debug|Any CPU
		{BB6E23BA-E3C5-7CB0-3D3F-A26674EA8813}.Debug|Any CPU.Build.0 = Debug|Any CPU
		{BB6E23BA-E3C5-7CB0-3D3F-A26674EA8813}.Release|Any CPU.ActiveCfg = Release|Any CPU
		{BB6E23BA-E3C5-7CB0-3D3F-A26674EA8813}.Release|Any CPU.Build.0 = Release|Any CPU
		{15296469-1850-4D3D-A622-710FDD08954E}.Debug|Any CPU.ActiveCfg = Debug|Any CPU
		{15296469-1850-4D3D-A622-710FDD08954E}.Debug|Any CPU.Build.0 = Debug|Any CPU
		{15296469-1850-4D3D-A622-710FDD08954E}.Release|Any CPU.ActiveCfg = Release|Any CPU
		{15296469-1850-4D3D-A622-710FDD08954E}.Release|Any CPU.Build.0 = Release|Any CPU
		{B8F6B0CD-04A3-4086-B814-7806A75D8D6C}.Debug|Any CPU.ActiveCfg = Debug|Any CPU
		{B8F6B0CD-04A3-4086-B814-7806A75D8D6C}.Debug|Any CPU.Build.0 = Debug|Any CPU
		{B8F6B0CD-04A3-4086-B814-7806A75D8D6C}.Release|Any CPU.ActiveCfg = Release|Any CPU
		{B8F6B0CD-04A3-4086-B814-7806A75D8D6C}.Release|Any CPU.Build.0 = Release|Any CPU
		{5BEFBDA8-3492-4781-8887-2B8A0CE31421}.Debug|Any CPU.ActiveCfg = Debug|Any CPU
		{5BEFBDA8-3492-4781-8887-2B8A0CE31421}.Debug|Any CPU.Build.0 = Debug|Any CPU
		{5BEFBDA8-3492-4781-8887-2B8A0CE31421}.Release|Any CPU.ActiveCfg = Release|Any CPU
		{5BEFBDA8-3492-4781-8887-2B8A0CE31421}.Release|Any CPU.Build.0 = Release|Any CPU
	EndGlobalSection
	GlobalSection(SolutionProperties) = preSolution
		HideSolutionNode = FALSE
	EndGlobalSection
	GlobalSection(ExtensibilityGlobals) = postSolution
		SolutionGuid = {422DE067-2CC5-476A-A2E7-147128987C66}
	EndGlobalSection
EndGlobal
